
Microsoft Visual Studio Solution File, Format Version 12.00
# Visual Studio Version 17
VisualStudioVersion = 17.0.32126.317
MinimumVisualStudioVersion = 10.0.40219.1
Project("{FAE04EC0-301F-11D3-BF4B-00C04F79EFBC}") = "GithubTest [initialer]", "GithubTest [initialer]\GithubTest [initialer].csproj", "{4C2C4865-0788-4694-B319-DC6011C132DB}"
EndProject
Global
	GlobalSection(SolutionConfigurationPlatforms) = preSolution
		Debug|Any CPU = Debug|Any CPU
		Release|Any CPU = Release|Any CPU
	EndGlobalSection
	GlobalSection(ProjectConfigurationPlatforms) = postSolution
		{4C2C4865-0788-4694-B319-DC6011C132DB}.Debug|Any CPU.ActiveCfg = Debug|Any CPU
		{4C2C4865-0788-4694-B319-DC6011C132DB}.Debug|Any CPU.Build.0 = Debug|Any CPU
		{4C2C4865-0788-4694-B319-DC6011C132DB}.Release|Any CPU.ActiveCfg = Release|Any CPU
		{4C2C4865-0788-4694-B319-DC6011C132DB}.Release|Any CPU.Build.0 = Release|Any CPU
	EndGlobalSection
	GlobalSection(SolutionProperties) = preSolution
		HideSolutionNode = FALSE
	EndGlobalSection
	GlobalSection(ExtensibilityGlobals) = postSolution
		SolutionGuid = {64915D3D-3A86-4F90-B9A2-CC7A1B3164C6}
	EndGlobalSection
EndGlobal
